
Microsoft Visual Studio Solution File, Format Version 12.00
# Visual Studio Version 17
VisualStudioVersion = 17.5.33530.505
MinimumVisualStudioVersion = 10.0.40219.1
Project("{2150E333-8FDC-42A3-9474-1A3956D46DE8}") = "Src", "Src", "{1452E921-9967-4758-AE86-FB59DD462C31}"
EndProject
Project("{2150E333-8FDC-42A3-9474-1A3956D46DE8}") = "Test", "Test", "{259E606D-0894-4E60-A450-F7D1C1421D4D}"
EndProject
Project("{2150E333-8FDC-42A3-9474-1A3956D46DE8}") = "API", "API", "{C14B29A1-BCA2-4780-959E-0BE025C4767B}"
EndProject
Project("{2150E333-8FDC-42A3-9474-1A3956D46DE8}") = "Core", "Core", "{D90992BE-C525-4968-B83E-F11CFF790073}"
EndProject
Project("{2150E333-8FDC-42A3-9474-1A3956D46DE8}") = "Infrastructure", "Infrastructure", "{BA317C05-D498-41AA-88FC-20BFFE7201B6}"
EndProject
Project("{2150E333-8FDC-42A3-9474-1A3956D46DE8}") = "UI", "UI", "{46BDFC9F-7B05-4E43-AE89-C8118B45B6E3}"
EndProject
Project("{9A19103F-16F7-4668-BE54-9A1E7A4F7556}") = "HR_Managment.Domain", "HR_Managment\HR_Managment.Domain.csproj", "{5AAF6BDE-B4E2-46D1-BDFD-AC56EDA41EC0}"
EndProject
Project("{9A19103F-16F7-4668-BE54-9A1E7A4F7556}") = "HR_Managment.Application", "HR_Managment.Application\HR_Managment.Application.csproj", "{4ADC8D53-AE83-49B8-A18C-57EA19F322AF}"
	ProjectSection(ProjectDependencies) = postProject
		{5AAF6BDE-B4E2-46D1-BDFD-AC56EDA41EC0} = {5AAF6BDE-B4E2-46D1-BDFD-AC56EDA41EC0}
	EndProjectSection
EndProject
Project("{9A19103F-16F7-4668-BE54-9A1E7A4F7556}") = "HR_managment.Infrastructure", "HR_managment.Infrastructure\HR_managment.Infrastructure.csproj", "{E2CCF901-B788-4AAC-90E4-B100D413BF96}"
EndProject
Project("{9A19103F-16F7-4668-BE54-9A1E7A4F7556}") = "HR_managment.Persistence", "HR_managment.Persistence\HR_managment.Persistence.csproj", "{D91DE218-322B-4A1C-89B5-F54D0B0E27C7}"
EndProject
Project("{9A19103F-16F7-4668-BE54-9A1E7A4F7556}") = "HR_managment.Api", "HR_managment.Api\HR_managment.Api.csproj", "{D74DB835-C806-47E5-91CA-330243F58E79}"
EndProject
Project("{FAE04EC0-301F-11D3-BF4B-00C04F79EFBC}") = "HR_Managment.Application.UnitTest", "HR_Managment.Application.UnitTest\HR_Managment.Application.UnitTest.csproj", "{264BB8AA-6D20-480B-ADBC-690FB106987A}"
EndProject
Project("{FAE04EC0-301F-11D3-BF4B-00C04F79EFBC}") = "HR_Managment.MVC", "HR_Managment.MVC\HR_Managment.MVC.csproj", "{C34BE095-599D-4D00-AEA9-ECB303F85E45}"
EndProject
Global
	GlobalSection(SolutionConfigurationPlatforms) = preSolution
		Debug|Any CPU = Debug|Any CPU
		Release|Any CPU = Release|Any CPU
	EndGlobalSection
	GlobalSection(ProjectConfigurationPlatforms) = postSolution
		{5AAF6BDE-B4E2-46D1-BDFD-AC56EDA41EC0}.Debug|Any CPU.ActiveCfg = Debug|Any CPU
		{5AAF6BDE-B4E2-46D1-BDFD-AC56EDA41EC0}.Debug|Any CPU.Build.0 = Debug|Any CPU
		{5AAF6BDE-B4E2-46D1-BDFD-AC56EDA41EC0}.Release|Any CPU.ActiveCfg = Release|Any CPU
		{5AAF6BDE-B4E2-46D1-BDFD-AC56EDA41EC0}.Release|Any CPU.Build.0 = Release|Any CPU
		{4ADC8D53-AE83-49B8-A18C-57EA19F322AF}.Debug|Any CPU.ActiveCfg = Debug|Any CPU
		{4ADC8D53-AE83-49B8-A18C-57EA19F322AF}.Debug|Any CPU.Build.0 = Debug|Any CPU
		{4ADC8D53-AE83-49B8-A18C-57EA19F322AF}.Release|Any CPU.ActiveCfg = Release|Any CPU
		{4ADC8D53-AE83-49B8-A18C-57EA19F322AF}.Release|Any CPU.Build.0 = Release|Any CPU
		{E2CCF901-B788-4AAC-90E4-B100D413BF96}.Debug|Any CPU.ActiveCfg = Debug|Any CPU
		{E2CCF901-B788-4AAC-90E4-B100D413BF96}.Debug|Any CPU.Build.0 = Debug|Any CPU
		{E2CCF901-B788-4AAC-90E4-B100D413BF96}.Release|Any CPU.ActiveCfg = Release|Any CPU
		{E2CCF901-B788-4AAC-90E4-B100D413BF96}.Release|Any CPU.Build.0 = Release|Any CPU
		{D91DE218-322B-4A1C-89B5-F54D0B0E27C7}.Debug|Any CPU.ActiveCfg = Debug|Any CPU
		{D91DE218-322B-4A1C-89B5-F54D0B0E27C7}.Debug|Any CPU.Build.0 = Debug|Any CPU
		{D91DE218-322B-4A1C-89B5-F54D0B0E27C7}.Release|Any CPU.ActiveCfg = Release|Any CPU
		{D91DE218-322B-4A1C-89B5-F54D0B0E27C7}.Release|Any CPU.Build.0 = Release|Any CPU
		{D74DB835-C806-47E5-91CA-330243F58E79}.Debug|Any CPU.ActiveCfg = Debug|Any CPU
		{D74DB835-C806-47E5-91CA-330243F58E79}.Debug|Any CPU.Build.0 = Debug|Any CPU
		{D74DB835-C806-47E5-91CA-330243F58E79}.Release|Any CPU.ActiveCfg = Release|Any CPU
		{D74DB835-C806-47E5-91CA-330243F58E79}.Release|Any CPU.Build.0 = Release|Any CPU
		{264BB8AA-6D20-480B-ADBC-690FB106987A}.Debug|Any CPU.ActiveCfg = Debug|Any CPU
		{264BB8AA-6D20-480B-ADBC-690FB106987A}.Debug|Any CPU.Build.0 = Debug|Any CPU
		{264BB8AA-6D20-480B-ADBC-690FB106987A}.Release|Any CPU.ActiveCfg = Release|Any CPU
		{264BB8AA-6D20-480B-ADBC-690FB106987A}.Release|Any CPU.Build.0 = Release|Any CPU
		{C34BE095-599D-4D00-AEA9-ECB303F85E45}.Debug|Any CPU.ActiveCfg = Debug|Any CPU
		{C34BE095-599D-4D00-AEA9-ECB303F85E45}.Debug|Any CPU.Build.0 = Debug|Any CPU
		{C34BE095-599D-4D00-AEA9-ECB303F85E45}.Release|Any CPU.ActiveCfg = Release|Any CPU
		{C34BE095-599D-4D00-AEA9-ECB303F85E45}.Release|Any CPU.Build.0 = Release|Any CPU
	EndGlobalSection
	GlobalSection(SolutionProperties) = preSolution
		HideSolutionNode = FALSE
	EndGlobalSection
	GlobalSection(NestedProjects) = preSolution
		{C14B29A1-BCA2-4780-959E-0BE025C4767B} = {1452E921-9967-4758-AE86-FB59DD462C31}
		{D90992BE-C525-4968-B83E-F11CFF790073} = {1452E921-9967-4758-AE86-FB59DD462C31}
		{BA317C05-D498-41AA-88FC-20BFFE7201B6} = {1452E921-9967-4758-AE86-FB59DD462C31}
		{46BDFC9F-7B05-4E43-AE89-C8118B45B6E3} = {1452E921-9967-4758-AE86-FB59DD462C31}
		{5AAF6BDE-B4E2-46D1-BDFD-AC56EDA41EC0} = {D90992BE-C525-4968-B83E-F11CFF790073}
		{4ADC8D53-AE83-49B8-A18C-57EA19F322AF} = {D90992BE-C525-4968-B83E-F11CFF790073}
		{E2CCF901-B788-4AAC-90E4-B100D413BF96} = {BA317C05-D498-41AA-88FC-20BFFE7201B6}
		{D91DE218-322B-4A1C-89B5-F54D0B0E27C7} = {BA317C05-D498-41AA-88FC-20BFFE7201B6}
		{D74DB835-C806-47E5-91CA-330243F58E79} = {C14B29A1-BCA2-4780-959E-0BE025C4767B}
		{264BB8AA-6D20-480B-ADBC-690FB106987A} = {259E606D-0894-4E60-A450-F7D1C1421D4D}
		{C34BE095-599D-4D00-AEA9-ECB303F85E45} = {46BDFC9F-7B05-4E43-AE89-C8118B45B6E3}
	EndGlobalSection
	GlobalSection(ExtensibilityGlobals) = postSolution
		SolutionGuid = {E069D27C-B4E9-49E1-A036-BF4FF1652FAC}
	EndGlobalSection
EndGlobal
